# This file was autogenerated by Stack.
# You should not edit this file by hand.
# For more information, please see the documentation at:
#   https://docs.haskellstack.org/en/stable/lock_files

packages:
- completed:
    hackage: generic-optics-2.0.0.0@sha256:54bcfc4ffce961600020f3d5de13827953c96e99012e7e6acc6e28b336ad50e0,3715
    pantry-tree:
      size: 2172
      sha256: f7fcb103298804980c93e1513446c74005a6cd21e99a80ff3c005a520599095f
  original:
    hackage: generic-optics-2.0.0.0@sha256:54bcfc4ffce961600020f3d5de13827953c96e99012e7e6acc6e28b336ad50e0,3715
- completed:
    hackage: generic-lens-core-2.0.0.0@sha256:40b063c4a1399b3cdb19f2df1fae5a1a82f3313015c7c3e47fc23b8ef1b3e443,2913
    pantry-tree:
      size: 2201
      sha256: 73f91636570c0e96044f655402ccbf6adba78d3a93f8d9ee97f3115bae096536
  original:
    hackage: generic-lens-core-2.0.0.0@sha256:40b063c4a1399b3cdb19f2df1fae5a1a82f3313015c7c3e47fc23b8ef1b3e443,2913
snapshots:
- completed:
    size: 492015
    url: https://raw.githubusercontent.com/commercialhaskell/stackage-snapshots/master/lts/15/8.yaml
    sha256: 926bc3d70249dd0ba05277ff00943c0addb35b627cb641752669e7cf771310d0
  original: lts-15.8
